
Microsoft Visual Studio Solution File, Format Version 12.00
Project("{2150E333-8FDC-42A3-9474-1A3956D46DE8}") = "src", "src", "{BD891CB3-F674-4362-922C-FE99602FB0A0}"
EndProject
Project("{2150E333-8FDC-42A3-9474-1A3956D46DE8}") = "API", "API", "{62A7947A-5F34-42BA-8E06-69D674353CAD}"
EndProject
Project("{2150E333-8FDC-42A3-9474-1A3956D46DE8}") = "Core", "Core", "{228D8D7C-60C9-429E-A466-90FA11BCAFC3}"
EndProject
Project("{FAE04EC0-301F-11D3-BF4B-00C04F79EFBC}") = "GloboTicket.ManagementApp.Application", "GloboTicket.ManagementApp.Application\GloboTicket.ManagementApp.Application.csproj", "{915C7B0C-9B76-4286-ABEB-74345E6F5A4D}"
EndProject
Project("{2150E333-8FDC-42A3-9474-1A3956D46DE8}") = "Infrastructure", "Infrastructure", "{7E27C11F-4B20-4643-8729-8550BA49098F}"
EndProject
Project("{2150E333-8FDC-42A3-9474-1A3956D46DE8}") = "UI", "UI", "{F8ECDD3A-45BB-4CCD-8A7E-A9156FF76B21}"
EndProject
Project("{2150E333-8FDC-42A3-9474-1A3956D46DE8}") = "test", "test", "{2B2F9584-3FF1-46F5-9A5D-F9CCBF2D14D8}"
EndProject
Project("{FAE04EC0-301F-11D3-BF4B-00C04F79EFBC}") = "GloboTicket.ManagementApp.Domain", "GloboTicket.ManagementApp.Domain\GloboTicket.ManagementApp.Domain.csproj", "{75A72E4B-224E-4C84-B3A0-75F17E141C51}"
EndProject
Global
	GlobalSection(SolutionConfigurationPlatforms) = preSolution
		Debug|Any CPU = Debug|Any CPU
		Release|Any CPU = Release|Any CPU
	EndGlobalSection
	GlobalSection(NestedProjects) = preSolution
		{62A7947A-5F34-42BA-8E06-69D674353CAD} = {BD891CB3-F674-4362-922C-FE99602FB0A0}
		{228D8D7C-60C9-429E-A466-90FA11BCAFC3} = {BD891CB3-F674-4362-922C-FE99602FB0A0}
		{915C7B0C-9B76-4286-ABEB-74345E6F5A4D} = {228D8D7C-60C9-429E-A466-90FA11BCAFC3}
		{7E27C11F-4B20-4643-8729-8550BA49098F} = {BD891CB3-F674-4362-922C-FE99602FB0A0}
		{F8ECDD3A-45BB-4CCD-8A7E-A9156FF76B21} = {BD891CB3-F674-4362-922C-FE99602FB0A0}
		{75A72E4B-224E-4C84-B3A0-75F17E141C51} = {228D8D7C-60C9-429E-A466-90FA11BCAFC3}
	EndGlobalSection
	GlobalSection(ProjectConfigurationPlatforms) = postSolution
		{915C7B0C-9B76-4286-ABEB-74345E6F5A4D}.Debug|Any CPU.ActiveCfg = Debug|Any CPU
		{915C7B0C-9B76-4286-ABEB-74345E6F5A4D}.Debug|Any CPU.Build.0 = Debug|Any CPU
		{915C7B0C-9B76-4286-ABEB-74345E6F5A4D}.Release|Any CPU.ActiveCfg = Release|Any CPU
		{915C7B0C-9B76-4286-ABEB-74345E6F5A4D}.Release|Any CPU.Build.0 = Release|Any CPU
		{75A72E4B-224E-4C84-B3A0-75F17E141C51}.Debug|Any CPU.ActiveCfg = Debug|Any CPU
		{75A72E4B-224E-4C84-B3A0-75F17E141C51}.Debug|Any CPU.Build.0 = Debug|Any CPU
		{75A72E4B-224E-4C84-B3A0-75F17E141C51}.Release|Any CPU.ActiveCfg = Release|Any CPU
		{75A72E4B-224E-4C84-B3A0-75F17E141C51}.Release|Any CPU.Build.0 = Release|Any CPU
	EndGlobalSection
EndGlobal
